// !$*UTF8*$!
{
	archiveVersion = 1;
	classes = {
	};
	objectVersion = 50;
	objects = {

/* Begin PBXBuildFile section */
		D275C9B022518D3000F8C8E3 /* AppDelegate.swift in Sources */ = {isa = PBXBuildFile; fileRef = D275C9AF22518D3000F8C8E3 /* AppDelegate.swift */; };
		D275C9B222518D3000F8C8E3 /* ViewController.swift in Sources */ = {isa = PBXBuildFile; fileRef = D275C9B122518D3000F8C8E3 /* ViewController.swift */; };
		D275C9B722518D3200F8C8E3 /* Assets.xcassets in Resources */ = {isa = PBXBuildFile; fileRef = D275C9B622518D3200F8C8E3 /* Assets.xcassets */; };
		D275C9BA22518D3200F8C8E3 /* LaunchScreen.storyboard in Resources */ = {isa = PBXBuildFile; fileRef = D275C9B822518D3200F8C8E3 /* LaunchScreen.storyboard */; };
		D275C9C92252D90600F8C8E3 /* PINCache.framework in Frameworks */ = {isa = PBXBuildFile; fileRef = D275C9C82252D90600F8C8E3 /* PINCache.framework */; };
		D275C9CB2252D90B00F8C8E3 /* PINOperation.framework in Frameworks */ = {isa = PBXBuildFile; fileRef = D275C9CA2252D90B00F8C8E3 /* PINOperation.framework */; };
		D275C9CD2252D91000F8C8E3 /* PINRemoteImage.framework in Frameworks */ = {isa = PBXBuildFile; fileRef = D275C9CC2252D91000F8C8E3 /* PINRemoteImage.framework */; };
		D275C9D12252E34B00F8C8E3 /* AsyncDisplayKit.framework in Frameworks */ = {isa = PBXBuildFile; fileRef = D275C9D02252E34B00F8C8E3 /* AsyncDisplayKit.framework */; };
/* End PBXBuildFile section */

/* Begin PBXFileReference section */
		D275C9AC22518D3000F8C8E3 /* ScrollNode.app */ = {isa = PBXFileReference; explicitFileType = wrapper.application; includeInIndex = 0; path = ScrollNode.app; sourceTree = BUILT_PRODUCTS_DIR; };
		D275C9AF22518D3000F8C8E3 /* AppDelegate.swift */ = {isa = PBXFileReference; lastKnownFileType = sourcecode.swift; path = AppDelegate.swift; sourceTree = "<group>"; };
		D275C9B122518D3000F8C8E3 /* ViewController.swift */ = {isa = PBXFileReference; lastKnownFileType = sourcecode.swift; path = ViewController.swift; sourceTree = "<group>"; };
		D275C9B622518D3200F8C8E3 /* Assets.xcassets */ = {isa = PBXFileReference; lastKnownFileType = folder.assetcatalog; path = Assets.xcassets; sourceTree = "<group>"; };
		D275C9B922518D3200F8C8E3 /* Base */ = {isa = PBXFileReference; lastKnownFileType = file.storyboard; name = Base; path = Base.lproj/LaunchScreen.storyboard; sourceTree = "<group>"; };
		D275C9BB22518D3200F8C8E3 /* Info.plist */ = {isa = PBXFileReference; lastKnownFileType = text.plist.xml; path = Info.plist; sourceTree = "<group>"; };
		D275C9C82252D90600F8C8E3 /* PINCache.framework */ = {isa = PBXFileReference; lastKnownFileType = wrapper.framework; name = PINCache.framework; path = Carthage/Build/iOS/PINCache.framework; sourceTree = "<group>"; };
		D275C9CA2252D90B00F8C8E3 /* PINOperation.framework */ = {isa = PBXFileReference; lastKnownFileType = wrapper.framework; name = PINOperation.framework; path = Carthage/Build/iOS/PINOperation.framework; sourceTree = "<group>"; };
		D275C9CC2252D91000F8C8E3 /* PINRemoteImage.framework */ = {isa = PBXFileReference; lastKnownFileType = wrapper.framework; name = PINRemoteImage.framework; path = Carthage/Build/iOS/PINRemoteImage.framework; sourceTree = "<group>"; };
		D275C9D02252E34B00F8C8E3 /* AsyncDisplayKit.framework */ = {isa = PBXFileReference; lastKnownFileType = wrapper.framework; name = AsyncDisplayKit.framework; path = Carthage/Build/iOS/AsyncDisplayKit.framework; sourceTree = "<group>"; };
/* End PBXFileReference section */

/* Begin PBXFrameworksBuildPhase section */
		D275C9A922518D3000F8C8E3 /* Frameworks */ = {
			isa = PBXFrameworksBuildPhase;
			buildActionMask = 2147483647;
			files = (
				D275C9D12252E34B00F8C8E3 /* AsyncDisplayKit.framework in Frameworks */,
				D275C9C92252D90600F8C8E3 /* PINCache.framework in Frameworks */,
				D275C9CB2252D90B00F8C8E3 /* PINOperation.framework in Frameworks */,
				D275C9CD2252D91000F8C8E3 /* PINRemoteImage.framework in Frameworks */,
			);
			runOnlyForDeploymentPostprocessing = 0;
		};
/* End PBXFrameworksBuildPhase section */

/* Begin PBXGroup section */
		D275C9A322518D3000F8C8E3 = {
			isa = PBXGroup;
			children = (
				D275C9AE22518D3000F8C8E3 /* ScrollNode */,
				D275C9AD22518D3000F8C8E3 /* Products */,
				D275C9C62252D8FD00F8C8E3 /* Frameworks */,
			);
			sourceTree = "<group>";
		};
		D275C9AD22518D3000F8C8E3 /* Products */ = {
			isa = PBXGroup;
			children = (
				D275C9AC22518D3000F8C8E3 /* ScrollNode.app */,
			);
			name = Products;
			sourceTree = "<group>";
		};
		D275C9AE22518D3000F8C8E3 /* ScrollNode */ = {
			isa = PBXGroup;
			children = (
				D275C9AF22518D3000F8C8E3 /* AppDelegate.swift */,
				D275C9B122518D3000F8C8E3 /* ViewController.swift */,
				D275C9B622518D3200F8C8E3 /* Assets.xcassets */,
				D275C9B822518D3200F8C8E3 /* LaunchScreen.storyboard */,
				D275C9BB22518D3200F8C8E3 /* Info.plist */,
			);
			path = ScrollNode;
			sourceTree = "<group>";
		};
		D275C9C62252D8FD00F8C8E3 /* Frameworks */ = {
			isa = PBXGroup;
			children = (
				D275C9D02252E34B00F8C8E3 /* AsyncDisplayKit.framework */,
				D275C9CC2252D91000F8C8E3 /* PINRemoteImage.framework */,
				D275C9CA2252D90B00F8C8E3 /* PINOperation.framework */,
				D275C9C82252D90600F8C8E3 /* PINCache.framework */,
			);
			name = Frameworks;
			sourceTree = "<group>";
		};
/* End PBXGroup section */

/* Begin PBXNativeTarget section */
		D275C9AB22518D3000F8C8E3 /* ScrollNode */ = {
			isa = PBXNativeTarget;
			buildConfigurationList = D275C9BE22518D3200F8C8E3 /* Build configuration list for PBXNativeTarget "ScrollNode" */;
			buildPhases = (
				D275C9A822518D3000F8C8E3 /* Sources */,
				D275C9A922518D3000F8C8E3 /* Frameworks */,
				D275C9AA22518D3000F8C8E3 /* Resources */,
				D275C9C12252D79B00F8C8E3 /* ShellScript */,
			);
			buildRules = (
			);
			dependencies = (
			);
			name = ScrollNode;
			productName = ScrollNode;
			productReference = D275C9AC22518D3000F8C8E3 /* ScrollNode.app */;
			productType = "com.apple.product-type.application";
		};
/* End PBXNativeTarget section */

/* Begin PBXProject section */
		D275C9A422518D3000F8C8E3 /* Project object */ = {
			isa = PBXProject;
			attributes = {
				LastSwiftUpdateCheck = 1010;
				LastUpgradeCheck = 1010;
				ORGANIZATIONNAME = "Ken Cox";
				TargetAttributes = {
					D275C9AB22518D3000F8C8E3 = {
						CreatedOnToolsVersion = 10.1;
					};
				};
			};
			buildConfigurationList = D275C9A722518D3000F8C8E3 /* Build configuration list for PBXProject "ScrollNode" */;
			compatibilityVersion = "Xcode 9.3";
			developmentRegion = en;
			hasScannedForEncodings = 0;
			knownRegions = (
				en,
				Base,
			);
			mainGroup = D275C9A322518D3000F8C8E3;
			productRefGroup = D275C9AD22518D3000F8C8E3 /* Products */;
			projectDirPath = "";
			projectRoot = "";
			targets = (
				D275C9AB22518D3000F8C8E3 /* ScrollNode */,
			);
		};
/* End PBXProject section */

/* Begin PBXResourcesBuildPhase section */
		D275C9AA22518D3000F8C8E3 /* Resources */ = {
			isa = PBXResourcesBuildPhase;
			buildActionMask = 2147483647;
			files = (
				D275C9BA22518D3200F8C8E3 /* LaunchScreen.storyboard in Resources */,
				D275C9B722518D3200F8C8E3 /* Assets.xcassets in Resources */,
			);
			runOnlyForDeploymentPostprocessing = 0;
		};
/* End PBXResourcesBuildPhase section */

/* Begin PBXShellScriptBuildPhase section */
		D275C9C12252D79B00F8C8E3 /* ShellScript */ = {
			isa = PBXShellScriptBuildPhase;
			buildActionMask = 2147483647;
			files = (
			);
			inputFileListPaths = (
			);
			inputPaths = (
				"$(SRCROOT)/Carthage/Build/iOS/AsyncDisplayKit.framework",
				"$(SRCROOT)/Carthage/Build/iOS/PINCache.framework",
				"$(SRCROOT)/Carthage/Build/iOS/PINOperation.framework",
				"$(SRCROOT)/Carthage/Build/iOS/PINRemoteImage.framework",
			);
			outputFileListPaths = (
			);
			outputPaths = (
				"$(BUILT_PRODUCTS_DIR)/$(FRAMEWORKS_FOLDER_PATH)/AsyncDisplayKit.framework",
				"$(BUILT_PRODUCTS_DIR)/$(FRAMEWORKS_FOLDER_PATH)/PINCache.framework",
				"$(BUILT_PRODUCTS_DIR)/$(FRAMEWORKS_FOLDER_PATH)/PINOperation.framework",
				"$(BUILT_PRODUCTS_DIR)/$(FRAMEWORKS_FOLDER_PATH)/PINRemoteImage.framework",
			);
			runOnlyForDeploymentPostprocessing = 0;
			shellPath = /bin/sh;
			shellScript = "/usr/local/bin/carthage copy-frameworks\n";
		};
/* End PBXShellScriptBuildPhase section */

/* Begin PBXSourcesBuildPhase section */
		D275C9A822518D3000F8C8E3 /* Sources */ = {
			isa = PBXSourcesBuildPhase;
			buildActionMask = 2147483647;
			files = (
				D275C9B222518D3000F8C8E3 /* ViewController.swift in Sources */,
				D275C9B022518D3000F8C8E3 /* AppDelegate.swift in Sources */,
			);
			runOnlyForDeploymentPostprocessing = 0;
		};
/* End PBXSourcesBuildPhase section */

/* Begin PBXVariantGroup section */
		D275C9B822518D3200F8C8E3 /* LaunchScreen.storyboard */ = {
			isa = PBXVariantGroup;
			children = (
				D275C9B922518D3200F8C8E3 /* Base */,
			);
			name = LaunchScreen.storyboard;
			sourceTree = "<group>";
		};
/* End PBXVariantGroup section */

/* Begin XCBuildConfiguration section */
		D275C9BC22518D3200F8C8E3 /* Debug */ = {
			isa = XCBuildConfiguration;
			buildSettings = {
				ALWAYS_SEARCH_USER_PATHS = NO;
				CLANG_ANALYZER_NONNULL = YES;
				CLANG_ANALYZER_NUMBER_OBJECT_CONVERSION = YES_AGGRESSIVE;
				CLANG_CXX_LANGUAGE_STANDARD = "gnu++14";
				CLANG_CXX_LIBRARY = "libc++";
				CLANG_ENABLE_MODULES = YES;
				CLANG_ENABLE_OBJC_ARC = YES;
				CLANG_ENABLE_OBJC_WEAK = YES;
				CLANG_WARN_BLOCK_CAPTURE_AUTORELEASING = YES;
				CLANG_WARN_BOOL_CONVERSION = YES;
				CLANG_WARN_COMMA = YES;
				CLANG_WARN_CONSTANT_CONVERSION = YES;
				CLANG_WARN_DEPRECATED_OBJC_IMPLEMENTATIONS = YES;
				CLANG_WARN_DIRECT_OBJC_ISA_USAGE = YES_ERROR;
				CLANG_WARN_DOCUMENTATION_COMMENTS = YES;
				CLANG_WARN_EMPTY_BODY = YES;
				CLANG_WARN_ENUM_CONVERSION = YES;
				CLANG_WARN_INFINITE_RECURSION = YES;
				CLANG_WARN_INT_CONVERSION = YES;
				CLANG_WARN_NON_LITERAL_NULL_CONVERSION = YES;
				CLANG_WARN_OBJC_IMPLICIT_RETAIN_SELF = YES;
				CLANG_WARN_OBJC_LITERAL_CONVERSION = YES;
				CLANG_WARN_OBJC_ROOT_CLASS = YES_ERROR;
				CLANG_WARN_RANGE_LOOP_ANALYSIS = YES;
				CLANG_WARN_STRICT_PROTOTYPES = YES;
				CLANG_WARN_SUSPICIOUS_MOVE = YES;
				CLANG_WARN_UNGUARDED_AVAILABILITY = YES_AGGRESSIVE;
				CLANG_WARN_UNREACHABLE_CODE = YES;
				CLANG_WARN__DUPLICATE_METHOD_MATCH = YES;
				CODE_SIGN_IDENTITY = "iPhone Developer";
				COPY_PHASE_STRIP = NO;
				DEBUG_INFORMATION_FORMAT = dwarf;
				ENABLE_STRICT_OBJC_MSGSEND = YES;
				ENABLE_TESTABILITY = YES;
				GCC_C_LANGUAGE_STANDARD = gnu11;
				GCC_DYNAMIC_NO_PIC = NO;
				GCC_NO_COMMON_BLOCKS = YES;
				GCC_OPTIMIZATION_LEVEL = 0;
				GCC_PREPROCESSOR_DEFINITIONS = (
					"DEBUG=1",
					"$(inherited)",
				);
				GCC_WARN_64_TO_32_BIT_CONVERSION = YES;
				GCC_WARN_ABOUT_RETURN_TYPE = YES_ERROR;
				GCC_WARN_UNDECLARED_SELECTOR = YES;
				GCC_WARN_UNINITIALIZED_AUTOS = YES_AGGRESSIVE;
				GCC_WARN_UNUSED_FUNCTION = YES;
				GCC_WARN_UNUSED_VARIABLE = YES;
				IPHONEOS_DEPLOYMENT_TARGET = 12.1;
				MTL_ENABLE_DEBUG_INFO = INCLUDE_SOURCE;
				MTL_FAST_MATH = YES;
				ONLY_ACTIVE_ARCH = YES;
				SDKROOT = iphoneos;
				SWIFT_ACTIVE_COMPILATION_CONDITIONS = DEBUG;
				SWIFT_OPTIMIZATION_LEVEL = "-Onone";
			};
			name = Debug;
		};
		D275C9BD22518D3200F8C8E3 /* Release */ = {
			isa = XCBuildConfiguration;
			buildSettings = {
				ALWAYS_SEARCH_USER_PATHS = NO;
				CLANG_ANALYZER_NONNULL = YES;
				CLANG_ANALYZER_NUMBER_OBJECT_CONVERSION = YES_AGGRESSIVE;
				CLANG_CXX_LANGUAGE_STANDARD = "gnu++14";
				CLANG_CXX_LIBRARY = "libc++";
				CLANG_ENABLE_MODULES = YES;
				CLANG_ENABLE_OBJC_ARC = YES;
				CLANG_ENABLE_OBJC_WEAK = YES;
				CLANG_WARN_BLOCK_CAPTURE_AUTORELEASING = YES;
				CLANG_WARN_BOOL_CONVERSION = YES;
				CLANG_WARN_COMMA = YES;
				CLANG_WARN_CONSTANT_CONVERSION = YES;
				CLANG_WARN_DEPRECATED_OBJC_IMPLEMENTATIONS = YES;
				CLANG_WARN_DIRECT_OBJC_ISA_USAGE = YES_ERROR;
				CLANG_WARN_DOCUMENTATION_COMMENTS = YES;
				CLANG_WARN_EMPTY_BODY = YES;
				CLANG_WARN_ENUM_CONVERSION = YES;
				CLANG_WARN_INFINITE_RECURSION = YES;
				CLANG_WARN_INT_CONVERSION = YES;
				CLANG_WARN_NON_LITERAL_NULL_CONVERSION = YES;
				CLANG_WARN_OBJC_IMPLICIT_RETAIN_SELF = YES;
				CLANG_WARN_OBJC_LITERAL_CONVERSION = YES;
				CLANG_WARN_OBJC_ROOT_CLASS = YES_ERROR;
				CLANG_WARN_RANGE_LOOP_ANALYSIS = YES;
				CLANG_WARN_STRICT_PROTOTYPES = YES;
				CLANG_WARN_SUSPICIOUS_MOVE = YES;
				CLANG_WARN_UNGUARDED_AVAILABILITY = YES_AGGRESSIVE;
				CLANG_WARN_UNREACHABLE_CODE = YES;
				CLANG_WARN__DUPLICATE_METHOD_MATCH = YES;
				CODE_SIGN_IDENTITY = "iPhone Developer";
				COPY_PHASE_STRIP = NO;
				DEBUG_INFORMATION_FORMAT = "dwarf-with-dsym";
				ENABLE_NS_ASSERTIONS = NO;
				ENABLE_STRICT_OBJC_MSGSEND = YES;
				GCC_C_LANGUAGE_STANDARD = gnu11;
				GCC_NO_COMMON_BLOCKS = YES;
				GCC_WARN_64_TO_32_BIT_CONVERSION = YES;
				GCC_WARN_ABOUT_RETURN_TYPE = YES_ERROR;
				GCC_WARN_UNDECLARED_SELECTOR = YES;
				GCC_WARN_UNINITIALIZED_AUTOS = YES_AGGRESSIVE;
				GCC_WARN_UNUSED_FUNCTION = YES;
				GCC_WARN_UNUSED_VARIABLE = YES;
				IPHONEOS_DEPLOYMENT_TARGET = 12.1;
				MTL_ENABLE_DEBUG_INFO = NO;
				MTL_FAST_MATH = YES;
				SDKROOT = iphoneos;
				SWIFT_COMPILATION_MODE = wholemodule;
				SWIFT_OPTIMIZATION_LEVEL = "-O";
				VALIDATE_PRODUCT = YES;
			};
			name = Release;
		};
		D275C9BF22518D3200F8C8E3 /* Debug */ = {
			isa = XCBuildConfiguration;
			buildSettings = {
				ASSETCATALOG_COMPILER_APPICON_NAME = AppIcon;
				CODE_SIGN_STYLE = Automatic;
				DEVELOPMENT_TEAM = FCHUE4234N;
				FRAMEWORK_SEARCH_PATHS = (
					"$(inherited)",
					"$(PROJECT_DIR)/Carthage/Build/iOS",
				);
				INFOPLIST_FILE = ScrollNode/Info.plist;
				LD_RUNPATH_SEARCH_PATHS = (
					"$(inherited)",
					"@executable_path/Frameworks",
				);
				PRODUCT_BUNDLE_IDENTIFIER = net.kenstir.apps.ScrollNode;
				PRODUCT_NAME = "$(TARGET_NAME)";
				SWIFT_VERSION = 4.2;
				TARGETED_DEVICE_FAMILY = "1,2";
			};
			name = Debug;
		};
		D275C9C022518D3200F8C8E3 /* Release */ = {
			isa = XCBuildConfiguration;
			buildSettings = {
				ASSETCATALOG_COMPILER_APPICON_NAME = AppIcon;
				CODE_SIGN_STYLE = Automatic;
				DEVELOPMENT_TEAM = FCHUE4234N;
				FRAMEWORK_SEARCH_PATHS = (
					"$(inherited)",
					"$(PROJECT_DIR)/Carthage/Build/iOS",
				);
				INFOPLIST_FILE = ScrollNode/Info.plist;
				LD_RUNPATH_SEARCH_PATHS = (
					"$(inherited)",
					"@executable_path/Frameworks",
				);
				PRODUCT_BUNDLE_IDENTIFIER = net.kenstir.apps.ScrollNode;
				PRODUCT_NAME = "$(TARGET_NAME)";
				SWIFT_VERSION = 4.2;
				TARGETED_DEVICE_FAMILY = "1,2";
			};
			name = Release;
		};
/* End XCBuildConfiguration section */

/* Begin XCConfigurationList section */
		D275C9A722518D3000F8C8E3 /* Build configuration list for PBXProject "ScrollNode" */ = {
			isa = XCConfigurationList;
			buildConfigurations = (
				D275C9BC22518D3200F8C8E3 /* Debug */,
				D275C9BD22518D3200F8C8E3 /* Release */,
			);
			defaultConfigurationIsVisible = 0;
			defaultConfigurationName = Release;
		};
		D275C9BE22518D3200F8C8E3 /* Build configuration list for PBXNativeTarget "ScrollNode" */ = {
			isa = XCConfigurationList;
			buildConfigurations = (
				D275C9BF22518D3200F8C8E3 /* Debug */,
				D275C9C022518D3200F8C8E3 /* Release */,
			);
			defaultConfigurationIsVisible = 0;
			defaultConfigurationName = Release;
		};
/* End XCConfigurationList section */
	};
	rootObject = D275C9A422518D3000F8C8E3 /* Project object */;
}
